dependencies:
- name: spi
  repository: file://./subcharts/spi
  version: 0.1.4
- name: cp-helm-charts
  repository: https://confluentinc.github.io/cp-helm-charts/
  version: 0.5.0
- name: kibana
  repository: https://kubernetes-charts.storage.googleapis.com/
  version: 3.2.6
- name: elasticsearch
  repository: https://kubernetes-charts.storage.googleapis.com/
  version: 1.32.2
- name: kafka-connect-elastic6-sink
  repository: https://lensesio.github.io/kafka-helm-charts
  version: "1.9"
- name: prometheus-operator
  repository: https://kubernetes-charts.storage.googleapis.com
  version: 8.15.6
digest: sha256:6d32a4978347747692fb40333bb6f1505e989595ddadb9506169de89f32ffb91
generated: "2020-07-03T16:29:41.127445+02:00"
